
Microsoft Visual Studio Solution File, Format Version 12.00
# Visual Studio Version 16
VisualStudioVersion = 16.0.31129.286
MinimumVisualStudioVersion = 10.0.40219.1
Project("{9A19103F-16F7-4668-BE54-9A1E7A4F7556}") = "BookStorePatika", "BookStorePatika\BookStorePatika.csproj", "{6ECEB0C9-56B2-4CB5-84FE-D298088A73DB}"
EndProject
Project("{2150E333-8FDC-42A3-9474-1A3956D46DE8}") = "Tests", "Tests", "{AB28528F-68E9-4DC0-9FBE-24AEEC93DE54}"
EndProject
Project("{FAE04EC0-301F-11D3-BF4B-00C04F79EFBC}") = "BookStore.UnitTests", "Tests\BookStore.UnitTests\BookStore.UnitTests.csproj", "{77F9A5C1-0F9C-4B55-BA12-1419A6059222}"
EndProject
Global
	GlobalSection(SolutionConfigurationPlatforms) = preSolution
		Debug|Any CPU = Debug|Any CPU
		Release|Any CPU = Release|Any CPU
	EndGlobalSection
	GlobalSection(ProjectConfigurationPlatforms) = postSolution
		{6ECEB0C9-56B2-4CB5-84FE-D298088A73DB}.Debug|Any CPU.ActiveCfg = Debug|Any CPU
		{6ECEB0C9-56B2-4CB5-84FE-D298088A73DB}.Debug|Any CPU.Build.0 = Debug|Any CPU
		{6ECEB0C9-56B2-4CB5-84FE-D298088A73DB}.Release|Any CPU.ActiveCfg = Release|Any CPU
		{6ECEB0C9-56B2-4CB5-84FE-D298088A73DB}.Release|Any CPU.Build.0 = Release|Any CPU
		{77F9A5C1-0F9C-4B55-BA12-1419A6059222}.Debug|Any CPU.ActiveCfg = Debug|Any CPU
		{77F9A5C1-0F9C-4B55-BA12-1419A6059222}.Debug|Any CPU.Build.0 = Debug|Any CPU
		{77F9A5C1-0F9C-4B55-BA12-1419A6059222}.Release|Any CPU.ActiveCfg = Release|Any CPU
		{77F9A5C1-0F9C-4B55-BA12-1419A6059222}.Release|Any CPU.Build.0 = Release|Any CPU
	EndGlobalSection
	GlobalSection(SolutionProperties) = preSolution
		HideSolutionNode = FALSE
	EndGlobalSection
	GlobalSection(NestedProjects) = preSolution
		{77F9A5C1-0F9C-4B55-BA12-1419A6059222} = {AB28528F-68E9-4DC0-9FBE-24AEEC93DE54}
	EndGlobalSection
	GlobalSection(ExtensibilityGlobals) = postSolution
		SolutionGuid = {DF77518E-9771-486A-8D39-B7BF509BBE72}
	EndGlobalSection
EndGlobal
